
Microsoft Visual Studio Solution File, Format Version 12.00
# Visual Studio Version 17
VisualStudioVersion = 17.14.36518.9
MinimumVisualStudioVersion = 10.0.40219.1
Project("{FAE04EC0-301F-11D3-BF4B-00C04F79EFBC}") = "auto", "auto.csproj", "{A9367AC6-1571-415C-A528-2AA0823DE580}"
EndProject
Project("{FAE04EC0-301F-11D3-BF4B-00C04F79EFBC}") = "autoMobile", "autoMobile\autoMobile.csproj", "{F3AC23BD-F07F-E92A-C5C9-131DDBEFB14C}"
EndProject
Global
	GlobalSection(SolutionConfigurationPlatforms) = preSolution
		Debug|Any CPU = Debug|Any CPU
		Release|Any CPU = Release|Any CPU
	EndGlobalSection
	GlobalSection(ProjectConfigurationPlatforms) = postSolution
		{A9367AC6-1571-415C-A528-2AA0823DE580}.Debug|Any CPU.ActiveCfg = Debug|Any CPU
		{A9367AC6-1571-415C-A528-2AA0823DE580}.Debug|Any CPU.Build.0 = Debug|Any CPU
		{A9367AC6-1571-415C-A528-2AA0823DE580}.Release|Any CPU.ActiveCfg = Release|Any CPU
		{A9367AC6-1571-415C-A528-2AA0823DE580}.Release|Any CPU.Build.0 = Release|Any CPU
		{F3AC23BD-F07F-E92A-C5C9-131DDBEFB14C}.Debug|Any CPU.ActiveCfg = Debug|Any CPU
		{F3AC23BD-F07F-E92A-C5C9-131DDBEFB14C}.Debug|Any CPU.Build.0 = Debug|Any CPU
		{F3AC23BD-F07F-E92A-C5C9-131DDBEFB14C}.Debug|Any CPU.Deploy.0 = Debug|Any CPU
		{F3AC23BD-F07F-E92A-C5C9-131DDBEFB14C}.Release|Any CPU.ActiveCfg = Release|Any CPU
		{F3AC23BD-F07F-E92A-C5C9-131DDBEFB14C}.Release|Any CPU.Build.0 = Release|Any CPU
		{F3AC23BD-F07F-E92A-C5C9-131DDBEFB14C}.Release|Any CPU.Deploy.0 = Release|Any CPU
	EndGlobalSection
	GlobalSection(SolutionProperties) = preSolution
		HideSolutionNode = FALSE
	EndGlobalSection
	GlobalSection(ExtensibilityGlobals) = postSolution
		SolutionGuid = {B2D2B802-E55A-473C-B482-07D2EE88293A}
	EndGlobalSection
EndGlobal
